PODS:
  - Apollo (0.49.1):
    - Apollo/Core (= 0.49.1)
  - Apollo/Core (0.49.1)
  - Cartography (4.0.0)
  - CryptoSwift (1.4.0)
  - DateToolsSwift (5.0.0)
  - Fakery (4.1.1)
  - KeychainAccess (4.2.2)
  - Kingfisher (7.0.0)
  - RxCocoa (6.2.0):
    - RxRelay (= 6.2.0)
    - RxSwift (= 6.2.0)
  - RxRelay (6.2.0):
    - RxSwift (= 6.2.0)
  - RxSwift (6.2.0)

DEPENDENCIES:
  - Apollo
  - Cartography
  - CryptoSwift
  - DateToolsSwift
  - Fakery (~> 4.0)
  - KeychainAccess
  - Kingfisher (~> 7.0)
  - RxCocoa
  - RxSwift

SPEC REPOS:
  trunk:
    - Apollo
    - Cartography
    - CryptoSwift
    - DateToolsSwift
    - Fakery
    - KeychainAccess
    - Kingfisher
    - RxCocoa
    - RxRelay
    - RxSwift

SPEC CHECKSUMS:
  Apollo: 69f35ed8f8d87c32ef89e99e4f8c682399e9192b
  Cartography: c5626d29056b20f1e95c017326ee4df57cc39ad8
  CryptoSwift: 7cc902df1784de3b389a387756c7d710f197730c
  DateToolsSwift: 4207ada6ad615d8dc076323d27037c94916dbfa6
  Fakery: d3380c4aa1efe7631c0831d7e26aa9db4491f014
  KeychainAccess: c0c4f7f38f6fc7bbe58f5702e25f7bd2f65abf51
  Kingfisher: 5efc54fec3980f92354898532e562cc17f31efb4
  RxCocoa: 4baf94bb35f2c0ab31bc0cb9f1900155f646ba42
  RxRelay: e72dbfd157807478401ef1982e1c61c945c94b2f
  RxSwift: d356ab7bee873611322f134c5f9ef379fa183d8f

PODFILE CHECKSUM: f724db00b8780bf233ab18b4b4ed198addfad030

COCOAPODS: 1.10.1
