PODS:
  - Alamofire (5.4.4)
  - Apollo (0.49.1):
    - Apollo/Core (= 0.49.1)
  - Apollo/Core (0.49.1)
  - BigInt (5.2.0)
  - Cartography (4.0.0)
  - CryptoSwift (1.4.2)
  - DateToolsSwift (5.0.0)
  - Fakery (4.1.1)
  - KeychainAccess (4.2.2)
  - Kingfisher (7.1.0)
  - Moya/Core (15.0.0):
    - Alamofire (~> 5.0)
  - Moya/RxSwift (15.0.0):
    - Moya/Core
    - RxSwift (~> 6.0)
  - OAuthSwift (2.2.0)
  - RxCocoa (6.2.0):
    - RxRelay (= 6.2.0)
    - RxSwift (= 6.2.0)
  - RxRelay (6.2.0):
    - RxSwift (= 6.2.0)
  - RxSwift (6.2.0)
  - RxSwiftExt (6.0.1):
    - RxSwiftExt/Core (= 6.0.1)
    - RxSwiftExt/RxCocoa (= 6.0.1)
  - RxSwiftExt/Core (6.0.1):
    - RxSwift (~> 6.0)
  - RxSwiftExt/RxCocoa (6.0.1):
    - RxCocoa (~> 6.0)
    - RxSwiftExt/Core

DEPENDENCIES:
  - Apollo
  - BigInt
  - Cartography
  - CryptoSwift
  - DateToolsSwift
  - Fakery (~> 4.0)
  - KeychainAccess
  - Kingfisher (~> 7.0)
  - Moya/RxSwift (~> 15.0)
  - OAuthSwift (~> 2.2.0)
  - RxCocoa
  - RxSwift
  - RxSwiftExt (~> 6)

SPEC REPOS:
  trunk:
    - Alamofire
    - Apollo
    - BigInt
    - Cartography
    - CryptoSwift
    - DateToolsSwift
    - Fakery
    - KeychainAccess
    - Kingfisher
    - Moya
    - OAuthSwift
    - RxCocoa
    - RxRelay
    - RxSwift
    - RxSwiftExt

SPEC CHECKSUMS:
  Alamofire: f3b09a368f1582ab751b3fff5460276e0d2cf5c9
  Apollo: 69f35ed8f8d87c32ef89e99e4f8c682399e9192b
  BigInt: f668a80089607f521586bbe29513d708491ef2f7
  Cartography: c5626d29056b20f1e95c017326ee4df57cc39ad8
  CryptoSwift: a532e74ed010f8c95f611d00b8bbae42e9fe7c17
  DateToolsSwift: 4207ada6ad615d8dc076323d27037c94916dbfa6
  Fakery: d3380c4aa1efe7631c0831d7e26aa9db4491f014
  KeychainAccess: c0c4f7f38f6fc7bbe58f5702e25f7bd2f65abf51
  Kingfisher: cdabaf49be7ee7cc124f0f276b355edf61903cf8
  Moya: 138f0573e53411fb3dc17016add0b748dfbd78ee
  OAuthSwift: 75efbb5bd9a4b2b71a37bd7e986bf3f55ddd54c6
  RxCocoa: 4baf94bb35f2c0ab31bc0cb9f1900155f646ba42
  RxRelay: e72dbfd157807478401ef1982e1c61c945c94b2f
  RxSwift: d356ab7bee873611322f134c5f9ef379fa183d8f
  RxSwiftExt: d61c4b9b06e0a448041b1c659e0f1b5c5a035afc

PODFILE CHECKSUM: 0e6529430e57339498e4d2704f4e418feee0f635

COCOAPODS: 1.10.1
