{
  "object": {
    "pins": [
      {
        "package": "Ink",
        "repositoryURL": "https://github.com/johnsundell/ink.git",
        "state": {
          "branch": null,
          "revision": "77c3d8953374a9cf5418ef0bd7108524999de85a",
          "version": "0.5.1"
        }
      },
      {
        "package": "YouTubePlayerKit",
        "repositoryURL": "https://github.com/SvenTiigi/YouTubePlayerKit.git",
        "state": {
          "branch": null,
          "revision": "12b2dfd368e0407f07407527ad24ecd9a238e2b1",
          "version": "1.1.4"
        }
      }
    ]
  },
  "version": 1
}
